
Microsoft Visual Studio Solution File, Format Version 12.00
Project("{FAE04EC0-301F-11D3-BF4B-00C04F79EFBC}") = "Postgres", "Postgres\Postgres.csproj", "{43D8DF70-1571-4103-A83C-05BB31C18FCF}"
EndProject
Project("{FAE04EC0-301F-11D3-BF4B-00C04F79EFBC}") = "Shared", "Shared\Shared.csproj", "{8539EB6B-457D-4E63-8F55-AF771312CAEA}"
EndProject
Global
	GlobalSection(SolutionConfigurationPlatforms) = preSolution
		Debug|Any CPU = Debug|Any CPU
		Release|Any CPU = Release|Any CPU
	EndGlobalSection
	GlobalSection(ProjectConfigurationPlatforms) = postSolution
		{43D8DF70-1571-4103-A83C-05BB31C18FCF}.Debug|Any CPU.ActiveCfg = Debug|Any CPU
		{43D8DF70-1571-4103-A83C-05BB31C18FCF}.Debug|Any CPU.Build.0 = Debug|Any CPU
		{43D8DF70-1571-4103-A83C-05BB31C18FCF}.Release|Any CPU.ActiveCfg = Release|Any CPU
		{43D8DF70-1571-4103-A83C-05BB31C18FCF}.Release|Any CPU.Build.0 = Release|Any CPU
		{8539EB6B-457D-4E63-8F55-AF771312CAEA}.Debug|Any CPU.ActiveCfg = Debug|Any CPU
		{8539EB6B-457D-4E63-8F55-AF771312CAEA}.Debug|Any CPU.Build.0 = Debug|Any CPU
		{8539EB6B-457D-4E63-8F55-AF771312CAEA}.Release|Any CPU.ActiveCfg = Release|Any CPU
		{8539EB6B-457D-4E63-8F55-AF771312CAEA}.Release|Any CPU.Build.0 = Release|Any CPU
	EndGlobalSection
EndGlobal
